# THIS IS AN AUTOGENERATED FILE. DO NOT EDIT THIS FILE DIRECTLY.
# yarn lockfile v1


"@anoblet/defaultvalue@git+https://github.com/anoblet/DefaultValue.git":
  version "1.0.0"
  resolved "git+https://github.com/anoblet/DefaultValue.git#36d2a932f251dccb55797eeb375f87f102db5e4e"

"@anoblet/mixin@file:../../../packages/mixin":
  version "1.0.0"

"@anoblet/rendertemplate@git+https://github.com/anoblet/RenderTemplate.git":
  version "1.0.0"
  resolved "git+https://github.com/anoblet/RenderTemplate.git#f59cb61f3fd8707adde73388e4193befcf37d4c8"

"lit-element@^0.6.2":
  version "0.6.2"
  resolved "https://registry.yarnpkg.com/lit-element/-/lit-element-0.6.2.tgz#589f2fa19e84d23c1debb2c329cbab758ae30581"
  integrity sha512-4NWvK6SyAyyeW1mQ24ZVR+rtqZNHZ2JWnVTsPF/1iXnmmPwnpLs8mz0HRqz5adyoyt96ed/y2dsDwGBktJYyew==
  dependencies:
    lit-html "^0.12.0"

lit-html@^0.12.0:
  version "0.12.0"
  resolved "https://registry.yarnpkg.com/lit-html/-/lit-html-0.12.0.tgz#d994420fda74744f9d4a79401b086de929643e6a"
  integrity sha512-NyFgq8yTlGEjUFQOmNnK/kj+ZdDVJzTwsLunNSewGiOns7SjuJi6ymCCqzZZ81uW2VwEmliMbOlFZc9QmOJPLA==
